
Microsoft Visual Studio Solution File, Format Version 12.00
# Visual Studio Version 17
VisualStudioVersion = 17.2.32616.157
MinimumVisualStudioVersion = 10.0.40219.1
Project("{FAE04EC0-301F-11D3-BF4B-00C04F79EFBC}") = "Angles", "Angles.csproj", "{DD0A518C-EC03-4801-B3FA-44D02CA021F8}"
EndProject
Project("{FAE04EC0-301F-11D3-BF4B-00C04F79EFBC}") = "AnglesTest", "..\AnglesTest\AnglesTest.csproj", "{227BBEA5-A115-4A11-914E-0FA8909B7A8D}"
EndProject
Global
	GlobalSection(SolutionConfigurationPlatforms) = preSolution
		Debug|Any CPU = Debug|Any CPU
		Debug|x64 = Debug|x64
		Debug|x86 = Debug|x86
		Release|Any CPU = Release|Any CPU
		Release|x64 = Release|x64
		Release|x86 = Release|x86
	EndGlobalSection
	GlobalSection(ProjectConfigurationPlatforms) = postSolution
		{DD0A518C-EC03-4801-B3FA-44D02CA021F8}.Debug|Any CPU.ActiveCfg = Debug|Any CPU
		{DD0A518C-EC03-4801-B3FA-44D02CA021F8}.Debug|Any CPU.Build.0 = Debug|Any CPU
		{DD0A518C-EC03-4801-B3FA-44D02CA021F8}.Debug|x64.ActiveCfg = Debug|Any CPU
		{DD0A518C-EC03-4801-B3FA-44D02CA021F8}.Debug|x64.Build.0 = Debug|Any CPU
		{DD0A518C-EC03-4801-B3FA-44D02CA021F8}.Debug|x86.ActiveCfg = Debug|Any CPU
		{DD0A518C-EC03-4801-B3FA-44D02CA021F8}.Debug|x86.Build.0 = Debug|Any CPU
		{DD0A518C-EC03-4801-B3FA-44D02CA021F8}.Release|Any CPU.ActiveCfg = Release|Any CPU
		{DD0A518C-EC03-4801-B3FA-44D02CA021F8}.Release|Any CPU.Build.0 = Release|Any CPU
		{DD0A518C-EC03-4801-B3FA-44D02CA021F8}.Release|x64.ActiveCfg = Release|Any CPU
		{DD0A518C-EC03-4801-B3FA-44D02CA021F8}.Release|x64.Build.0 = Release|Any CPU
		{DD0A518C-EC03-4801-B3FA-44D02CA021F8}.Release|x86.ActiveCfg = Release|Any CPU
		{DD0A518C-EC03-4801-B3FA-44D02CA021F8}.Release|x86.Build.0 = Release|Any CPU
		{227BBEA5-A115-4A11-914E-0FA8909B7A8D}.Debug|Any CPU.ActiveCfg = Debug|Any CPU
		{227BBEA5-A115-4A11-914E-0FA8909B7A8D}.Debug|Any CPU.Build.0 = Debug|Any CPU
		{227BBEA5-A115-4A11-914E-0FA8909B7A8D}.Debug|x64.ActiveCfg = Debug|Any CPU
		{227BBEA5-A115-4A11-914E-0FA8909B7A8D}.Debug|x64.Build.0 = Debug|Any CPU
		{227BBEA5-A115-4A11-914E-0FA8909B7A8D}.Debug|x86.ActiveCfg = Debug|Any CPU
		{227BBEA5-A115-4A11-914E-0FA8909B7A8D}.Debug|x86.Build.0 = Debug|Any CPU
		{227BBEA5-A115-4A11-914E-0FA8909B7A8D}.Release|Any CPU.ActiveCfg = Release|Any CPU
		{227BBEA5-A115-4A11-914E-0FA8909B7A8D}.Release|Any CPU.Build.0 = Release|Any CPU
		{227BBEA5-A115-4A11-914E-0FA8909B7A8D}.Release|x64.ActiveCfg = Release|Any CPU
		{227BBEA5-A115-4A11-914E-0FA8909B7A8D}.Release|x64.Build.0 = Release|Any CPU
		{227BBEA5-A115-4A11-914E-0FA8909B7A8D}.Release|x86.ActiveCfg = Release|Any CPU
		{227BBEA5-A115-4A11-914E-0FA8909B7A8D}.Release|x86.Build.0 = Release|Any CPU
	EndGlobalSection
	GlobalSection(SolutionProperties) = preSolution
		HideSolutionNode = FALSE
	EndGlobalSection
	GlobalSection(ExtensibilityGlobals) = postSolution
		SolutionGuid = {FDD6D745-71A5-4E27-8A16-5AAF8F908842}
	EndGlobalSection
EndGlobal
